
Microsoft Visual Studio Solution File, Format Version 12.00
# Visual Studio Version 16
VisualStudioVersion = 16.0.29728.190
MinimumVisualStudioVersion = 10.0.40219.1
Project("{FAE04EC0-301F-11D3-BF4B-00C04F79EFBC}") = "TestWorkService.Worker", "TestWorkService.Worker\TestWorkService.Worker.csproj", "{3B57DC76-B2D9-4DE5-9FDE-61648C07545A}"
EndProject
Project("{FAE04EC0-301F-11D3-BF4B-00C04F79EFBC}") = "TestWorkService.WebAPI", "TestWorkService.WebAPI\TestWorkService.WebAPI.csproj", "{8FC2C9EC-AFDE-4092-95CA-4C52FA6D5761}"
EndProject
Global
	GlobalSection(SolutionConfigurationPlatforms) = preSolution
		Debug|Any CPU = Debug|Any CPU
		Release|Any CPU = Release|Any CPU
	EndGlobalSection
	GlobalSection(ProjectConfigurationPlatforms) = postSolution
		{3B57DC76-B2D9-4DE5-9FDE-61648C07545A}.Debug|Any CPU.ActiveCfg = Debug|Any CPU
		{3B57DC76-B2D9-4DE5-9FDE-61648C07545A}.Debug|Any CPU.Build.0 = Debug|Any CPU
		{3B57DC76-B2D9-4DE5-9FDE-61648C07545A}.Release|Any CPU.ActiveCfg = Release|Any CPU
		{3B57DC76-B2D9-4DE5-9FDE-61648C07545A}.Release|Any CPU.Build.0 = Release|Any CPU
		{8FC2C9EC-AFDE-4092-95CA-4C52FA6D5761}.Debug|Any CPU.ActiveCfg = Debug|Any CPU
		{8FC2C9EC-AFDE-4092-95CA-4C52FA6D5761}.Debug|Any CPU.Build.0 = Debug|Any CPU
		{8FC2C9EC-AFDE-4092-95CA-4C52FA6D5761}.Release|Any CPU.ActiveCfg = Release|Any CPU
		{8FC2C9EC-AFDE-4092-95CA-4C52FA6D5761}.Release|Any CPU.Build.0 = Release|Any CPU
	EndGlobalSection
	GlobalSection(SolutionProperties) = preSolution
		HideSolutionNode = FALSE
	EndGlobalSection
	GlobalSection(ExtensibilityGlobals) = postSolution
		SolutionGuid = {87448269-6C54-4AB3-9C89-60F88B5C69FD}
	EndGlobalSection
EndGlobal
